
Microsoft Visual Studio Solution File, Format Version 12.00
# Visual Studio Version 17
VisualStudioVersion = 17.1.32228.430
MinimumVisualStudioVersion = 10.0.40219.1
Project("{8BC9CEB8-8B4A-11D0-8D11-00A0C91BC942}") = "BaseLibrary", "BaseLibrary\BaseLibrary.vcxproj", "{2364C44B-2E4D-4631-A050-B47509AFBC82}"
EndProject
Project("{2150E333-8FDC-42A3-9474-1A3956D46DE8}") = "Solution Items", "Solution Items", "{6EDA0515-BC8B-4200-97FE-8A37896BBE30}"
	ProjectSection(SolutionItems) = preProject
		.gitignore = .gitignore
		LICENSE = LICENSE
		README.md = README.md
		sourceclean.cmd = sourceclean.cmd
	EndProjectSection
EndProject
Global
	GlobalSection(SolutionConfigurationPlatforms) = preSolution
		Debug|x64 = Debug|x64
		Release|x64 = Release|x64
	EndGlobalSection
	GlobalSection(ProjectConfigurationPlatforms) = postSolution
		{2364C44B-2E4D-4631-A050-B47509AFBC82}.Debug|x64.ActiveCfg = Debug|x64
		{2364C44B-2E4D-4631-A050-B47509AFBC82}.Debug|x64.Build.0 = Debug|x64
		{2364C44B-2E4D-4631-A050-B47509AFBC82}.Release|x64.ActiveCfg = Release|x64
		{2364C44B-2E4D-4631-A050-B47509AFBC82}.Release|x64.Build.0 = Release|x64
	EndGlobalSection
	GlobalSection(SolutionProperties) = preSolution
		HideSolutionNode = FALSE
	EndGlobalSection
	GlobalSection(ExtensibilityGlobals) = postSolution
		SolutionGuid = {1B9DAEBD-BCCB-4592-A7DD-E128131C6A53}
	EndGlobalSection
EndGlobal
