
Microsoft Visual Studio Solution File, Format Version 12.00
# Visual Studio 15
VisualStudioVersion = 15.0.27428.2037
MinimumVisualStudioVersion = 10.0.40219.1
Project("{8BC9CEB8-8B4A-11D0-8D11-00A0C91BC942}") = "CXHibernate", "CXHibernate\CXHibernate.vcxproj", "{855224B0-3717-4A05-A953-57460FC1F771}"
	ProjectSection(ProjectDependencies) = postProject
		{3CC23320-1FF0-41AF-9F3A-960C5F657C81} = {3CC23320-1FF0-41AF-9F3A-960C5F657C81}
		{0E56E030-9CDD-47A7-B580-DCD4E103F968} = {0E56E030-9CDD-47A7-B580-DCD4E103F968}
	EndProjectSection
EndProject
Project("{8BC9CEB8-8B4A-11D0-8D11-00A0C91BC942}") = "SQLComponents", "SQLComponents\SQLComponenten.vcxproj", "{0E56E030-9CDD-47A7-B580-DCD4E103F968}"
EndProject
Project("{8BC9CEB8-8B4A-11D0-8D11-00A0C91BC942}") = "UnitTest", "UnitTest\UnitTest.vcxproj", "{085DBE97-35BB-4C3D-B17E-31CC9043C91C}"
	ProjectSection(ProjectDependencies) = postProject
		{3CC23320-1FF0-41AF-9F3A-960C5F657C81} = {3CC23320-1FF0-41AF-9F3A-960C5F657C81}
		{0E56E030-9CDD-47A7-B580-DCD4E103F968} = {0E56E030-9CDD-47A7-B580-DCD4E103F968}
		{855224B0-3717-4A05-A953-57460FC1F771} = {855224B0-3717-4A05-A953-57460FC1F771}
	EndProjectSection
EndProject
Project("{2150E333-8FDC-42A3-9474-1A3956D46DE8}") = "Solution Items", "Solution Items", "{BEAFE2EF-96E8-459E-8A88-586ADB1AB764}"
	ProjectSection(SolutionItems) = preProject
		.gitattributes = .gitattributes
		.gitignore = .gitignore
		cxh_idea.txt = cxh_idea.txt
		Documentation\CXHibernate.docx = Documentation\CXHibernate.docx
		BIN_Debug_x64\hibernate.cfg.xml = BIN_Debug_x64\hibernate.cfg.xml
		README.md = README.md
	EndProjectSection
EndProject
Project("{8BC9CEB8-8B4A-11D0-8D11-00A0C91BC942}") = "Marlin", "Marlin\Marlin.vcxproj", "{3CC23320-1FF0-41AF-9F3A-960C5F657C81}"
EndProject
Project("{8BC9CEB8-8B4A-11D0-8D11-00A0C91BC942}") = "cfg2cpp", "cfg2cxh\cfg2cxh.vcxproj", "{50B0E725-B4F2-4C9F-A99B-41AFCFC9EC63}"
	ProjectSection(ProjectDependencies) = postProject
		{3CC23320-1FF0-41AF-9F3A-960C5F657C81} = {3CC23320-1FF0-41AF-9F3A-960C5F657C81}
		{0E56E030-9CDD-47A7-B580-DCD4E103F968} = {0E56E030-9CDD-47A7-B580-DCD4E103F968}
		{855224B0-3717-4A05-A953-57460FC1F771} = {855224B0-3717-4A05-A953-57460FC1F771}
	EndProjectSection
EndProject
Project("{8BC9CEB8-8B4A-11D0-8D11-00A0C91BC942}") = "TestServer", "TestServer\TestServer.vcxproj", "{3A583FA0-3315-47A2-8D60-70B9C86ADE4F}"
	ProjectSection(ProjectDependencies) = postProject
		{3CC23320-1FF0-41AF-9F3A-960C5F657C81} = {3CC23320-1FF0-41AF-9F3A-960C5F657C81}
		{0E56E030-9CDD-47A7-B580-DCD4E103F968} = {0E56E030-9CDD-47A7-B580-DCD4E103F968}
		{855224B0-3717-4A05-A953-57460FC1F771} = {855224B0-3717-4A05-A953-57460FC1F771}
	EndProjectSection
EndProject
Project("{8BC9CEB8-8B4A-11D0-8D11-00A0C91BC942}") = "TestClient", "TestClient\TestClient.vcxproj", "{26B65E78-D0C5-4D86-A8D6-229FC807E62E}"
	ProjectSection(ProjectDependencies) = postProject
		{3CC23320-1FF0-41AF-9F3A-960C5F657C81} = {3CC23320-1FF0-41AF-9F3A-960C5F657C81}
		{0E56E030-9CDD-47A7-B580-DCD4E103F968} = {0E56E030-9CDD-47A7-B580-DCD4E103F968}
		{855224B0-3717-4A05-A953-57460FC1F771} = {855224B0-3717-4A05-A953-57460FC1F771}
	EndProjectSection
EndProject
Global
	GlobalSection(SolutionConfigurationPlatforms) = preSolution
		Debug|x64 = Debug|x64
		Debug|x86 = Debug|x86
		Release|x64 = Release|x64
		Release|x86 = Release|x86
	EndGlobalSection
	GlobalSection(ProjectConfigurationPlatforms) = postSolution
		{855224B0-3717-4A05-A953-57460FC1F771}.Debug|x64.ActiveCfg = Debug|x64
		{855224B0-3717-4A05-A953-57460FC1F771}.Debug|x64.Build.0 = Debug|x64
		{855224B0-3717-4A05-A953-57460FC1F771}.Debug|x86.ActiveCfg = Debug|Win32
		{855224B0-3717-4A05-A953-57460FC1F771}.Debug|x86.Build.0 = Debug|Win32
		{855224B0-3717-4A05-A953-57460FC1F771}.Release|x64.ActiveCfg = Release|x64
		{855224B0-3717-4A05-A953-57460FC1F771}.Release|x64.Build.0 = Release|x64
		{855224B0-3717-4A05-A953-57460FC1F771}.Release|x86.ActiveCfg = Release|Win32
		{855224B0-3717-4A05-A953-57460FC1F771}.Release|x86.Build.0 = Release|Win32
		{0E56E030-9CDD-47A7-B580-DCD4E103F968}.Debug|x64.ActiveCfg = Debug|x64
		{0E56E030-9CDD-47A7-B580-DCD4E103F968}.Debug|x64.Build.0 = Debug|x64
		{0E56E030-9CDD-47A7-B580-DCD4E103F968}.Debug|x86.ActiveCfg = Debug|Win32
		{0E56E030-9CDD-47A7-B580-DCD4E103F968}.Debug|x86.Build.0 = Debug|Win32
		{0E56E030-9CDD-47A7-B580-DCD4E103F968}.Release|x64.ActiveCfg = Release|x64
		{0E56E030-9CDD-47A7-B580-DCD4E103F968}.Release|x64.Build.0 = Release|x64
		{0E56E030-9CDD-47A7-B580-DCD4E103F968}.Release|x86.ActiveCfg = Release|Win32
		{0E56E030-9CDD-47A7-B580-DCD4E103F968}.Release|x86.Build.0 = Release|Win32
		{085DBE97-35BB-4C3D-B17E-31CC9043C91C}.Debug|x64.ActiveCfg = Debug|x64
		{085DBE97-35BB-4C3D-B17E-31CC9043C91C}.Debug|x64.Build.0 = Debug|x64
		{085DBE97-35BB-4C3D-B17E-31CC9043C91C}.Debug|x86.ActiveCfg = Debug|Win32
		{085DBE97-35BB-4C3D-B17E-31CC9043C91C}.Debug|x86.Build.0 = Debug|Win32
		{085DBE97-35BB-4C3D-B17E-31CC9043C91C}.Release|x64.ActiveCfg = Release|x64
		{085DBE97-35BB-4C3D-B17E-31CC9043C91C}.Release|x64.Build.0 = Release|x64
		{085DBE97-35BB-4C3D-B17E-31CC9043C91C}.Release|x86.ActiveCfg = Release|Win32
		{085DBE97-35BB-4C3D-B17E-31CC9043C91C}.Release|x86.Build.0 = Release|Win32
		{3CC23320-1FF0-41AF-9F3A-960C5F657C81}.Debug|x64.ActiveCfg = Debug|x64
		{3CC23320-1FF0-41AF-9F3A-960C5F657C81}.Debug|x64.Build.0 = Debug|x64
		{3CC23320-1FF0-41AF-9F3A-960C5F657C81}.Debug|x86.ActiveCfg = Debug|Win32
		{3CC23320-1FF0-41AF-9F3A-960C5F657C81}.Debug|x86.Build.0 = Debug|Win32
		{3CC23320-1FF0-41AF-9F3A-960C5F657C81}.Release|x64.ActiveCfg = Release|x64
		{3CC23320-1FF0-41AF-9F3A-960C5F657C81}.Release|x64.Build.0 = Release|x64
		{3CC23320-1FF0-41AF-9F3A-960C5F657C81}.Release|x86.ActiveCfg = Release|Win32
		{3CC23320-1FF0-41AF-9F3A-960C5F657C81}.Release|x86.Build.0 = Release|Win32
		{50B0E725-B4F2-4C9F-A99B-41AFCFC9EC63}.Debug|x64.ActiveCfg = Debug|x64
		{50B0E725-B4F2-4C9F-A99B-41AFCFC9EC63}.Debug|x64.Build.0 = Debug|x64
		{50B0E725-B4F2-4C9F-A99B-41AFCFC9EC63}.Debug|x86.ActiveCfg = Debug|Win32
		{50B0E725-B4F2-4C9F-A99B-41AFCFC9EC63}.Debug|x86.Build.0 = Debug|Win32
		{50B0E725-B4F2-4C9F-A99B-41AFCFC9EC63}.Release|x64.ActiveCfg = Release|x64
		{50B0E725-B4F2-4C9F-A99B-41AFCFC9EC63}.Release|x64.Build.0 = Release|x64
		{50B0E725-B4F2-4C9F-A99B-41AFCFC9EC63}.Release|x86.ActiveCfg = Release|Win32
		{50B0E725-B4F2-4C9F-A99B-41AFCFC9EC63}.Release|x86.Build.0 = Release|Win32
		{3A583FA0-3315-47A2-8D60-70B9C86ADE4F}.Debug|x64.ActiveCfg = Debug|x64
		{3A583FA0-3315-47A2-8D60-70B9C86ADE4F}.Debug|x64.Build.0 = Debug|x64
		{3A583FA0-3315-47A2-8D60-70B9C86ADE4F}.Debug|x86.ActiveCfg = Debug|Win32
		{3A583FA0-3315-47A2-8D60-70B9C86ADE4F}.Debug|x86.Build.0 = Debug|Win32
		{3A583FA0-3315-47A2-8D60-70B9C86ADE4F}.Release|x64.ActiveCfg = Release|x64
		{3A583FA0-3315-47A2-8D60-70B9C86ADE4F}.Release|x64.Build.0 = Release|x64
		{3A583FA0-3315-47A2-8D60-70B9C86ADE4F}.Release|x86.ActiveCfg = Release|Win32
		{3A583FA0-3315-47A2-8D60-70B9C86ADE4F}.Release|x86.Build.0 = Release|Win32
		{26B65E78-D0C5-4D86-A8D6-229FC807E62E}.Debug|x64.ActiveCfg = Debug|x64
		{26B65E78-D0C5-4D86-A8D6-229FC807E62E}.Debug|x64.Build.0 = Debug|x64
		{26B65E78-D0C5-4D86-A8D6-229FC807E62E}.Debug|x86.ActiveCfg = Debug|Win32
		{26B65E78-D0C5-4D86-A8D6-229FC807E62E}.Debug|x86.Build.0 = Debug|Win32
		{26B65E78-D0C5-4D86-A8D6-229FC807E62E}.Release|x64.ActiveCfg = Release|x64
		{26B65E78-D0C5-4D86-A8D6-229FC807E62E}.Release|x64.Build.0 = Release|x64
		{26B65E78-D0C5-4D86-A8D6-229FC807E62E}.Release|x86.ActiveCfg = Release|Win32
		{26B65E78-D0C5-4D86-A8D6-229FC807E62E}.Release|x86.Build.0 = Release|Win32
	EndGlobalSection
	GlobalSection(SolutionProperties) = preSolution
		HideSolutionNode = FALSE
	EndGlobalSection
	GlobalSection(ExtensibilityGlobals) = postSolution
		SolutionGuid = {73DF7DE0-5FE7-43C2-97F8-B28371DAF581}
	EndGlobalSection
EndGlobal
